
Microsoft Visual Studio Solution File, Format Version 12.00
# Visual Studio 2013
VisualStudioVersion = 12.0.31101.0
MinimumVisualStudioVersion = 10.0.40219.1
Project("{FAE04EC0-301F-11D3-BF4B-00C04F79EFBC}") = "Products.Web.UI", "Products\Products.Web.UI.csproj", "{5B7A6647-E4AD-4E06-AD15-4342E6D06FFC}"
EndProject
Project("{FAE04EC0-301F-11D3-BF4B-00C04F79EFBC}") = "Products.DataLayer", "DataLayer\Products.DataLayer.csproj", "{6F269399-0D2F-4667-800E-3750B7E18957}"
EndProject
Project("{FAE04EC0-301F-11D3-BF4B-00C04F79EFBC}") = "Products.Web.API", "Products.Web.API\Products.Web.API.csproj", "{2EA10215-2DE5-4D0E-990E-F48A8C6C9E57}"
EndProject
Global
	GlobalSection(SolutionConfigurationPlatforms) = preSolution
		Debug|Any CPU = Debug|Any CPU
		Release|Any CPU = Release|Any CPU
	EndGlobalSection
	GlobalSection(ProjectConfigurationPlatforms) = postSolution
		{5B7A6647-E4AD-4E06-AD15-4342E6D06FFC}.Debug|Any CPU.ActiveCfg = Debug|Any CPU
		{5B7A6647-E4AD-4E06-AD15-4342E6D06FFC}.Debug|Any CPU.Build.0 = Debug|Any CPU
		{5B7A6647-E4AD-4E06-AD15-4342E6D06FFC}.Release|Any CPU.ActiveCfg = Release|Any CPU
		{5B7A6647-E4AD-4E06-AD15-4342E6D06FFC}.Release|Any CPU.Build.0 = Release|Any CPU
		{6F269399-0D2F-4667-800E-3750B7E18957}.Debug|Any CPU.ActiveCfg = Debug|Any CPU
		{6F269399-0D2F-4667-800E-3750B7E18957}.Debug|Any CPU.Build.0 = Debug|Any CPU
		{6F269399-0D2F-4667-800E-3750B7E18957}.Release|Any CPU.ActiveCfg = Release|Any CPU
		{6F269399-0D2F-4667-800E-3750B7E18957}.Release|Any CPU.Build.0 = Release|Any CPU
		{2EA10215-2DE5-4D0E-990E-F48A8C6C9E57}.Debug|Any CPU.ActiveCfg = Debug|Any CPU
		{2EA10215-2DE5-4D0E-990E-F48A8C6C9E57}.Debug|Any CPU.Build.0 = Debug|Any CPU
		{2EA10215-2DE5-4D0E-990E-F48A8C6C9E57}.Release|Any CPU.ActiveCfg = Release|Any CPU
		{2EA10215-2DE5-4D0E-990E-F48A8C6C9E57}.Release|Any CPU.Build.0 = Release|Any CPU
	EndGlobalSection
	GlobalSection(SolutionProperties) = preSolution
		HideSolutionNode = FALSE
	EndGlobalSection
EndGlobal
